
Microsoft Visual Studio Solution File, Format Version 12.00
# Visual Studio Version 17
VisualStudioVersion = 17.1.32210.238
MinimumVisualStudioVersion = 10.0.40219.1
Project("{9A19103F-16F7-4668-BE54-9A1E7A4F7556}") = "Gym", "Gym\Gym.csproj", "{3F32E155-0A5A-4396-A2C9-6BD276AD3F43}"
EndProject
Project("{9A19103F-16F7-4668-BE54-9A1E7A4F7556}") = "DAL", "Data Access Layer\DAL.csproj", "{DF10F9F4-7B3B-4A04-892A-C83CA870104E}"
EndProject
Project("{FAE04EC0-301F-11D3-BF4B-00C04F79EFBC}") = "BL", "BL\BL.csproj", "{E5ADA4F0-7C99-4490-B743-322BFB5E8741}"
EndProject
Global
	GlobalSection(SolutionConfigurationPlatforms) = preSolution
		Debug|Any CPU = Debug|Any CPU
		Release|Any CPU = Release|Any CPU
	EndGlobalSection
	GlobalSection(ProjectConfigurationPlatforms) = postSolution
		{3F32E155-0A5A-4396-A2C9-6BD276AD3F43}.Debug|Any CPU.ActiveCfg = Debug|Any CPU
		{3F32E155-0A5A-4396-A2C9-6BD276AD3F43}.Debug|Any CPU.Build.0 = Debug|Any CPU
		{3F32E155-0A5A-4396-A2C9-6BD276AD3F43}.Release|Any CPU.ActiveCfg = Release|Any CPU
		{3F32E155-0A5A-4396-A2C9-6BD276AD3F43}.Release|Any CPU.Build.0 = Release|Any CPU
		{DF10F9F4-7B3B-4A04-892A-C83CA870104E}.Debug|Any CPU.ActiveCfg = Debug|Any CPU
		{DF10F9F4-7B3B-4A04-892A-C83CA870104E}.Debug|Any CPU.Build.0 = Debug|Any CPU
		{DF10F9F4-7B3B-4A04-892A-C83CA870104E}.Release|Any CPU.ActiveCfg = Release|Any CPU
		{DF10F9F4-7B3B-4A04-892A-C83CA870104E}.Release|Any CPU.Build.0 = Release|Any CPU
		{E5ADA4F0-7C99-4490-B743-322BFB5E8741}.Debug|Any CPU.ActiveCfg = Debug|Any CPU
		{E5ADA4F0-7C99-4490-B743-322BFB5E8741}.Debug|Any CPU.Build.0 = Debug|Any CPU
		{E5ADA4F0-7C99-4490-B743-322BFB5E8741}.Release|Any CPU.ActiveCfg = Release|Any CPU
		{E5ADA4F0-7C99-4490-B743-322BFB5E8741}.Release|Any CPU.Build.0 = Release|Any CPU
	EndGlobalSection
	GlobalSection(SolutionProperties) = preSolution
		HideSolutionNode = FALSE
	EndGlobalSection
	GlobalSection(ExtensibilityGlobals) = postSolution
		SolutionGuid = {A7A6CD4E-F7E7-4B88-BC8A-D426DF32D0A7}
	EndGlobalSection
EndGlobal
